{
  "name": "browser-ragnarok-like",
  "version": "0.1.0",
  "lockfileVersion": 3,
  "requires": true,
  "packages": {
    "": {
      "name": "browser-ragnarok-like",
      "version": "0.1.0",
      "workspaces": [
        "client"
      ],
      "devDependencies": {
        "supabase": "^2.119.0"
      }
    },
    "client": {
      "version": "0.0.0",
      "dependencies": {
        "@supabase/supabase-js": "^2.117.2",
        "phaser": "^4.2.1",
        "react": "^19.2.8",
        "react-dom": "^19.2.8"
      },
      "devDependencies": {
        "@types/node": "^24.13.3",
        "@types/react": "^19.2.18",
        "@types/react-dom": "^19.2.7",
        "@vitejs/plugin-react": "^6.1.1",
        "oxlint": "^1.81.0",
        "typescript": "~6.0.2",
        "vite": "^8.3.0"
      }
    },
    "client/node_modules/@oxc-project/types": {
      "version": "0.152.0",
      "dev": true,
      "license": "MIT",
      "funding": {
        "url": "https://github.com/sponsors/oxc-project"
      }
    },
    "client/node_modules/@oxlint/binding-win32-x64-msvc": {
      "version": "1.87.0",
      "cpu": [
        "x64"
      ],
      "dev": true,
      "license": "MIT",
      "optional": true,
      "os": [
        "win32"
      ],
      "engines": {
        "node": "^20.19.0 || >=22.12.0"
      }
    },
    "client/node_modules/@rolldown/binding-win32-x64-msvc": {
      "version": "1.2.12",
      "cpu": [
        "x64"
      ],
      "dev": true,
      "license": "MIT",
      "optional": true,
      "os": [
        "win32"
      ],
      "engines": {
        "node": "^20.19.0 || >=22.12.0"
      }
    },
    "client/node_modules/@rolldown/pluginutils": {
      "version": "1.0.1",
      "dev": true,
      "license": "MIT"
    },
    "client/node_modules/@supabase/auth-js": {
      "version": "2.117.2",
      "license": "MIT",
      "dependencies": {
        "tslib": "2.8.1"
      },
      "engines": {
        "node": ">=22.0.0"
      }
    },
    "client/node_modules/@supabase/functions-js": {
      "version": "2.117.2",
      "license": "MIT",
      "dependencies": {
        "tslib": "2.8.1"
      },
      "engines": {
        "node": ">=22.0.0"
      }
    },
    "client/node_modules/@supabase/phoenix": {
      "version": "0.4.5",
      "license": "MIT"
    },
    "client/node_modules/@supabase/postgrest-js": {
      "version": "2.117.2",
      "license": "MIT",
      "dependencies": {
        "tslib": "2.8.1"
      },
      "engines": {
        "node": ">=22.0.0"
      }
    },
    "client/node_modules/@supabase/realtime-js": {
      "version": "2.117.2",
      "license": "MIT",
      "dependencies": {
        "@supabase/phoenix": "0.4.5",
        "tslib": "2.8.1"
      },
      "engines": {
        "node": ">=22.0.0"
      }
    },
    "client/node_modules/@supabase/storage-js": {
      "version": "2.117.2",
      "license": "MIT",
      "dependencies": {
        "iceberg-js": "^0.8.1",
        "tslib": "2.8.1"
      },
      "engines": {
        "node": ">=22.0.0"
      }
    },
    "client/node_modules/@supabase/supabase-js": {
      "version": "2.117.2",
      "license": "MIT",
      "dependencies": {
        "@supabase/auth-js": "2.117.2",
        "@supabase/functions-js": "2.117.2",
        "@supabase/postgrest-js": "2.117.2",
        "@supabase/realtime-js": "2.117.2",
        "@supabase/storage-js": "2.117.2"
      },
      "engines": {
        "node": ">=22.0.0"
      },
      "peerDependencies": {
        "@opentelemetry/api": ">=1.0.0"
      },
      "peerDependenciesMeta": {
        "@opentelemetry/api": {
          "optional": true
        }
      }
    },
    "client/node_modules/@types/node": {
      "version": "24.19.1",
      "dev": true,
      "license": "MIT",
      "dependencies": {
        "undici-types": ">=7.24.0 <7.24.7"
      }
    },
    "client/node_modules/@types/react": {
      "version": "19.3.0",
      "dev": true,
      "license": "MIT",
      "dependencies": {
        "csstype": "^3.2.2"
      }
    },
    "client/node_modules/@types/react-dom": {
      "version": "19.3.0",
      "dev": true,
      "license": "MIT",
      "peerDependencies": {
        "@types/react": "^19.3.0"
      }
    },
    "client/node_modules/@vitejs/plugin-react": {
      "version": "6.1.2",
      "dev": true,
      "license": "MIT",
      "dependencies": {
        "@rolldown/pluginutils": "^1.0.1"
      },
      "engines": {
        "node": "^20.19.0 || >=22.12.0"
      },
      "peerDependencies": {
        "@rolldown/plugin-babel": "^0.1.7 || ^0.2.0",
        "babel-plugin-react-compiler": "^1.0.0",
        "oxc-transform-react": "^0.152.0",
        "vite": "^8.0.0"
      },
      "peerDependenciesMeta": {
        "@rolldown/plugin-babel": {
          "optional": true
        },
        "babel-plugin-react-compiler": {
          "optional": true
        },
        "oxc-transform-react": {
          "optional": true
        }
      }
    },
    "client/node_modules/csstype": {
      "version": "3.2.3",
      "dev": true,
      "license": "MIT"
    },
    "client/node_modules/detect-libc": {
      "version": "2.1.2",
      "dev": true,
      "license": "Apache-2.0",
      "engines": {
        "node": ">=8"
      }
    },
    "client/node_modules/eventemitter3": {
      "version": "5.0.4",
      "license": "MIT"
    },
    "client/node_modules/fdir": {
      "version": "6.5.0",
      "dev": true,
      "license": "MIT",
      "engines": {
        "node": ">=12.0.0"
      },
      "peerDependencies": {
        "picomatch": "^3 || ^4"
      },
      "peerDependenciesMeta": {
        "picomatch": {
          "optional": true
        }
      }
    },
    "client/node_modules/iceberg-js": {
      "version": "0.8.1",
      "license": "MIT",
      "engines": {
        "node": ">=20.0.0"
      }
    },
    "client/node_modules/lightningcss": {
      "version": "1.33.0",
      "dev": true,
      "license": "MPL-2.0",
      "dependencies": {
        "detect-libc": "^2.0.3"
      },
      "engines": {
        "node": ">= 12.0.0"
      },
      "funding": {
        "type": "opencollective",
        "url": "https://opencollective.com/parcel"
      },
      "optionalDependencies": {
        "lightningcss-android-arm64": "1.33.0",
        "lightningcss-darwin-arm64": "1.33.0",
        "lightningcss-darwin-x64": "1.33.0",
        "lightningcss-freebsd-x64": "1.33.0",
        "lightningcss-linux-arm-gnueabihf": "1.33.0",
        "lightningcss-linux-arm64-gnu": "1.33.0",
        "lightningcss-linux-arm64-musl": "1.33.0",
        "lightningcss-linux-x64-gnu": "1.33.0",
        "lightningcss-linux-x64-musl": "1.33.0",
        "lightningcss-win32-arm64-msvc": "1.33.0",
        "lightningcss-win32-x64-msvc": "1.33.0"
      }
    },
    "client/node_modules/lightningcss-win32-x64-msvc": {
      "version": "1.33.0",
      "cpu": [
        "x64"
      ],
      "dev": true,
      "license": "MPL-2.0",
      "optional": true,
      "os": [
        "win32"
      ],
      "engines": {
        "node": ">= 12.0.0"
      },
      "funding": {
        "type": "opencollective",
        "url": "https://opencollective.com/parcel"
      }
    },
    "client/node_modules/nanoid": {
      "version": "3.3.20",
      "dev": true,
      "funding": [
        {
          "type": "github",
          "url": "https://github.com/sponsors/ai"
        }
      ],
      "license": "MIT",
      "bin": {
        "nanoid": "bin/nanoid.cjs"
      },
      "engines": {
        "node": "^10 || ^12 || ^13.7 || ^14 || >=15.0.1"
      }
    },
    "client/node_modules/oxlint": {
      "version": "1.87.0",
      "dev": true,
      "license": "MIT",
      "bin": {
        "oxlint": "bin/oxlint"
      },
      "engines": {
        "node": "^20.19.0 || >=22.12.0"
      },
      "funding": {
        "url": "https://github.com/sponsors/oxc-project"
      },
      "optionalDependencies": {
        "@oxlint/binding-android-arm-eabi": "1.87.0",
        "@oxlint/binding-android-arm64": "1.87.0",
        "@oxlint/binding-darwin-arm64": "1.87.0",
        "@oxlint/binding-darwin-x64": "1.87.0",
        "@oxlint/binding-freebsd-x64": "1.87.0",
        "@oxlint/binding-linux-arm-gnueabihf": "1.87.0",
        "@oxlint/binding-linux-arm-musleabihf": "1.87.0",
        "@oxlint/binding-linux-arm64-gnu": "1.87.0",
        "@oxlint/binding-linux-arm64-musl": "1.87.0",
        "@oxlint/binding-linux-ppc64-gnu": "1.87.0",
        "@oxlint/binding-linux-riscv64-gnu": "1.87.0",
        "@oxlint/binding-linux-riscv64-musl": "1.87.0",
        "@oxlint/binding-linux-s390x-gnu": "1.87.0",
        "@oxlint/binding-linux-x64-gnu": "1.87.0",
        "@oxlint/binding-linux-x64-musl": "1.87.0",
        "@oxlint/binding-openharmony-arm64": "1.87.0",
        "@oxlint/binding-win32-arm64-msvc": "1.87.0",
        "@oxlint/binding-win32-ia32-msvc": "1.87.0",
        "@oxlint/binding-win32-x64-msvc": "1.87.0"
      },
      "peerDependencies": {
        "oxlint-tsgolint": ">=7.0.2003",
        "vite-plus": "*"
      },
      "peerDependenciesMeta": {
        "oxlint-tsgolint": {
          "optional": true
        },
        "vite-plus": {
          "optional": true
        }
      }
    },
    "client/node_modules/phaser": {
      "version": "4.2.1",
      "license": "MIT",
      "dependencies": {
        "eventemitter3": "^5.0.4"
      }
    },
    "client/node_modules/picocolors": {
      "version": "1.1.1",
      "dev": true,
      "license": "ISC"
    },
    "client/node_modules/picomatch": {
      "version": "4.0.7",
      "dev": true,
      "license": "MIT",
      "engines": {
        "node": ">=12"
      },
      "funding": {
        "url": "https://github.com/sponsors/jonschlinkert"
      }
    },
    "client/node_modules/postcss": {
      "version": "8.5.29",
      "dev": true,
      "funding": [
        {
          "type": "opencollective",
          "url": "https://opencollective.com/postcss/"
        },
        {
          "type": "tidelift",
          "url": "https://tidelift.com/funding/github/npm/postcss"
        },
        {
          "type": "github",
          "url": "https://github.com/sponsors/ai"
        }
      ],
      "license": "MIT",
      "dependencies": {
        "nanoid": "^3.3.19",
        "picocolors": "^1.1.1",
        "source-map-js": "^1.2.2"
      },
      "engines": {
        "node": "^10 || ^12 || >=14"
      }
    },
    "client/node_modules/react": {
      "version": "19.3.0",
      "license": "MIT",
      "engines": {
        "node": ">=0.10.0"
      }
    },
    "client/node_modules/react-dom": {
      "version": "19.3.0",
      "license": "MIT",
      "dependencies": {
        "scheduler": "^0.28.0"
      },
      "peerDependencies": {
        "react": "^19.3.0"
      }
    },
    "client/node_modules/rolldown": {
      "version": "1.2.12",
      "dev": true,
      "license": "MIT",
      "dependencies": {
        "@oxc-project/types": "=0.152.0",
        "@rolldown/pluginutils": "^1.0.0"
      },
      "bin": {
        "rolldown": "bin/cli.mjs"
      },
      "engines": {
        "node": "^20.19.0 || >=22.12.0"
      },
      "optionalDependencies": {
        "@rolldown/binding-android-arm-eabi": "1.2.12",
        "@rolldown/binding-android-arm64": "1.2.12",
        "@rolldown/binding-darwin-arm64": "1.2.12",
        "@rolldown/binding-darwin-x64": "1.2.12",
        "@rolldown/binding-freebsd-x64": "1.2.12",
        "@rolldown/binding-linux-arm-gnueabihf": "1.2.12",
        "@rolldown/binding-linux-arm64-gnu": "1.2.12",
        "@rolldown/binding-linux-arm64-musl": "1.2.12",
        "@rolldown/binding-linux-ppc64-gnu": "1.2.12",
        "@rolldown/binding-linux-s390x-gnu": "1.2.12",
        "@rolldown/binding-linux-x64-gnu": "1.2.12",
        "@rolldown/binding-linux-x64-musl": "1.2.12",
        "@rolldown/binding-openharmony-arm64": "1.2.12",
        "@rolldown/binding-win32-arm64-msvc": "1.2.12",
        "@rolldown/binding-win32-x64-msvc": "1.2.12"
      }
    },
    "client/node_modules/scheduler": {
      "version": "0.28.0",
      "license": "MIT"
    },
    "client/node_modules/source-map-js": {
      "version": "1.2.2",
      "dev": true,
      "license": "BSD-3-Clause",
      "engines": {
        "node": ">=0.10.0"
      }
    },
    "client/node_modules/tinyglobby": {
      "version": "0.2.17",
      "dev": true,
      "license": "MIT",
      "dependencies": {
        "fdir": "^6.5.0",
        "picomatch": "^4.0.4"
      },
      "engines": {
        "node": ">=12.0.0"
      },
      "funding": {
        "url": "https://github.com/sponsors/SuperchupuDev"
      }
    },
    "client/node_modules/tslib": {
      "version": "2.8.1",
      "license": "0BSD"
    },
    "client/node_modules/typescript": {
      "version": "6.0.3",
      "dev": true,
      "license": "Apache-2.0",
      "bin": {
        "tsc": "bin/tsc",
        "tsserver": "bin/tsserver"
      },
      "engines": {
        "node": ">=14.17"
      }
    },
    "client/node_modules/undici-types": {
      "version": "7.24.6",
      "dev": true,
      "license": "MIT"
    },
    "client/node_modules/vite": {
      "version": "8.3.3",
      "dev": true,
      "license": "MIT",
      "dependencies": {
        "lightningcss": "^1.33.0",
        "picomatch": "^4.0.7",
        "postcss": "^8.5.28",
        "rolldown": "~1.2.11",
        "tinyglobby": "^0.2.17"
      },
      "bin": {
        "vite": "bin/vite.js"
      },
      "engines": {
        "node": "^20.19.0 || >=22.12.0"
      },
      "funding": {
        "url": "https://github.com/vitejs/vite?sponsor=1"
      },
      "optionalDependencies": {
        "fsevents": "~2.3.3"
      },
      "peerDependencies": {
        "@types/node": "^20.19.0 || >=22.12.0",
        "@vitejs/devtools": "^0.7.1",
        "esbuild": "^0.27.0 || ^0.28.0",
        "jiti": ">=1.21.0",
        "less": "^4.0.0",
        "sass": "^1.70.0",
        "sass-embedded": "^1.70.0",
        "stylus": ">=0.54.8",
        "sugarss": "^5.0.0",
        "terser": "^5.16.0",
        "tsx": "^4.8.1",
        "yaml": "^2.4.2"
      },
      "peerDependenciesMeta": {
        "@types/node": {
          "optional": true
        },
        "@vitejs/devtools": {
          "optional": true
        },
        "esbuild": {
          "optional": true
        },
        "jiti": {
          "optional": true
        },
        "less": {
          "optional": true
        },
        "sass": {
          "optional": true
        },
        "sass-embedded": {
          "optional": true
        },
        "stylus": {
          "optional": true
        },
        "sugarss": {
          "optional": true
        },
        "terser": {
          "optional": true
        },
        "tsx": {
          "optional": true
        },
        "yaml": {
          "optional": true
        }
      }
    },
    "node_modules/@ecies/ciphers": {
      "version": "0.2.6",
      "resolved": "https://registry.npmjs.org/@ecies/ciphers/-/ciphers-0.2.6.tgz",
      "integrity": "sha512-patgsRPKGkhhoBjETV4XxD0En4ui5fbX0hzayqI3M8tvNMGUoUvmyYAIWwlxBc1KX5cturfqByYdj5bYGRpN9g==",
      "dev": true,
      "license": "MIT",
      "engines": {
        "bun": ">=1",
        "deno": ">=2.7.10",
        "node": ">=16"
      },
      "peerDependencies": {
        "@noble/ciphers": "^1.0.0"
      }
    },
    "node_modules/@noble/ciphers": {
      "version": "1.3.0",
      "resolved": "https://registry.npmjs.org/@noble/ciphers/-/ciphers-1.3.0.tgz",
      "integrity": "sha512-2I0gnIVPtfnMw9ee9h1dJG7tp81+8Ob3OJb3Mv37rx5L40/b0i7djjCVvGOVqc9AEIQyvyu1i6ypKdFw8R8gQw==",
      "dev": true,
      "license": "MIT",
      "engines": {
        "node": "^14.21.3 || >=16"
      },
      "funding": {
        "url": "https://paulmillr.com/funding/"
      }
    },
    "node_modules/@noble/curves": {
      "version": "1.9.7",
      "resolved": "https://registry.npmjs.org/@noble/curves/-/curves-1.9.7.tgz",
      "integrity": "sha512-gbKGcRUYIjA3/zCCNaWDciTMFI0dCkvou3TL8Zmy5Nc7sJ47a0jtOeZoTaMxkuqRo9cRhjOdZJXegxYE5FN/xw==",
      "dev": true,
      "license": "MIT",
      "dependencies": {
        "@noble/hashes": "1.8.0"
      },
      "engines": {
        "node": "^14.21.3 || >=16"
      },
      "funding": {
        "url": "https://paulmillr.com/funding/"
      }
    },
    "node_modules/@noble/hashes": {
      "version": "1.8.0",
      "resolved": "https://registry.npmjs.org/@noble/hashes/-/hashes-1.8.0.tgz",
      "integrity": "sha512-jCs9ldd7NwzpgXDIf6P3+NrHh9/sD6CQdxHyjQI+h/6rDNo88ypBxxz45UDuZHz9r3tNz7N/VInSVoVdtXEI4A==",
      "dev": true,
      "license": "MIT",
      "engines": {
        "node": "^14.21.3 || >=16"
      },
      "funding": {
        "url": "https://paulmillr.com/funding/"
      }
    },
    "node_modules/@supabase/cli-darwin-arm64": {
      "version": "2.119.0",
      "resolved": "https://registry.npmjs.org/@supabase/cli-darwin-arm64/-/cli-darwin-arm64-2.119.0.tgz",
      "integrity": "sha512-aE6X1J85zXZepvyKMOVWJXK8UqI+J0eAYBWadPBxs0vlbZyvdDPueaNk+zF2fGXlcmfUYA+0VNFfsbT6SOM7Tw==",
      "cpu": [
        "arm64"
      ],
      "dev": true,
      "license": "MIT",
      "optional": true,
      "os": [
        "darwin"
      ]
    },
    "node_modules/@supabase/cli-darwin-x64": {
      "version": "2.119.0",
      "resolved": "https://registry.npmjs.org/@supabase/cli-darwin-x64/-/cli-darwin-x64-2.119.0.tgz",
      "integrity": "sha512-9KqK67n3uVDGWSBZHsoOD6kt9/vKIupSNfJFJrrHUwjgYL7PaIFZPiwmV9EIfNA3t8fTsItkwZbll/jlKUTk5A==",
      "cpu": [
        "x64"
      ],
      "dev": true,
      "license": "MIT",
      "optional": true,
      "os": [
        "darwin"
      ]
    },
    "node_modules/@supabase/cli-linux-arm64": {
      "version": "2.119.0",
      "resolved": "https://registry.npmjs.org/@supabase/cli-linux-arm64/-/cli-linux-arm64-2.119.0.tgz",
      "integrity": "sha512-IxpN8nFJq4n2DoaYjTORG5cNOsk9y+2wrvfce3F1f/p6+DEibneIRmE/dHXxh78m+rchMM2sPs0HAdgVkn6GQg==",
      "cpu": [
        "arm64"
      ],
      "dev": true,
      "libc": [
        "glibc"
      ],
      "license": "MIT",
      "optional": true,
      "os": [
        "linux"
      ]
    },
    "node_modules/@supabase/cli-linux-arm64-musl": {
      "version": "2.119.0",
      "resolved": "https://registry.npmjs.org/@supabase/cli-linux-arm64-musl/-/cli-linux-arm64-musl-2.119.0.tgz",
      "integrity": "sha512-IzMx3iBhgrKMh9SGjr/AmUzC7hHC/fmz67Q/3sgG3Wkzrz8vo8r4XzNwoZS7UTfgGl33N+B0rg3T4z/Fd6V5Hg==",
      "cpu": [
        "arm64"
      ],
      "dev": true,
      "libc": [
        "musl"
      ],
      "license": "MIT",
      "optional": true,
      "os": [
        "linux"
      ]
    },
    "node_modules/@supabase/cli-linux-x64": {
      "version": "2.119.0",
      "resolved": "https://registry.npmjs.org/@supabase/cli-linux-x64/-/cli-linux-x64-2.119.0.tgz",
      "integrity": "sha512-JEcYXk8DFgjVcVOf4zfYpSYUjhjxz87nApqdECtRA8pf6kmmImSYzkE9f8ajhm9srELP4kPkz+C/Jdd2Tqb8Lw==",
      "cpu": [
        "x64"
      ],
      "dev": true,
      "libc": [
        "glibc"
      ],
      "license": "MIT",
      "optional": true,
      "os": [
        "linux"
      ]
    },
    "node_modules/@supabase/cli-linux-x64-musl": {
      "version": "2.119.0",
      "resolved": "https://registry.npmjs.org/@supabase/cli-linux-x64-musl/-/cli-linux-x64-musl-2.119.0.tgz",
      "integrity": "sha512-mshS7qFFNb3O3M+K9YG9MJXPmkeVoaWwWy74g28t059yevlVa/YG1VsJdr2LzEgNzJgx8SIt31qO7QOZlCDyDw==",
      "cpu": [
        "x64"
      ],
      "dev": true,
      "libc": [
        "musl"
      ],
      "license": "MIT",
      "optional": true,
      "os": [
        "linux"
      ]
    },
    "node_modules/@supabase/cli-windows-arm64": {
      "version": "2.119.0",
      "resolved": "https://registry.npmjs.org/@supabase/cli-windows-arm64/-/cli-windows-arm64-2.119.0.tgz",
      "integrity": "sha512-I7oJyBUYe6WkFP5jXCIo69+7HYMEvDGGAIegfrF0nFyIG48gDPDPnysouUhqXWJGYiXZ/L7/j4gWQ1Lek/559w==",
      "cpu": [
        "arm64"
      ],
      "dev": true,
      "license": "MIT",
      "optional": true,
      "os": [
        "win32"
      ]
    },
    "node_modules/@supabase/cli-windows-x64": {
      "version": "2.119.0",
      "resolved": "https://registry.npmjs.org/@supabase/cli-windows-x64/-/cli-windows-x64-2.119.0.tgz",
      "integrity": "sha512-8H4qLrFYColfm7NhxeXrB81sEJkNwc9OR1tr0a5nj0aO0KevD1EuaPIRlnHpvXLN8UR+4l3DmwUX2cDlVwHYKA==",
      "cpu": [
        "x64"
      ],
      "dev": true,
      "license": "MIT",
      "optional": true,
      "os": [
        "win32"
      ]
    },
    "node_modules/client": {
      "resolved": "client",
      "link": true
    },
    "node_modules/eciesjs": {
      "version": "0.5.0",
      "resolved": "https://registry.npmjs.org/eciesjs/-/eciesjs-0.5.0.tgz",
      "integrity": "sha512-s0J9SEVYAEPg7J63GFMApLYzPH9VNIQIyC6s15JpnqVc0TqcKWdbgFlnAweEBRyMmko2dcs2sfC83Hj4J43tuA==",
      "dev": true,
      "license": "MIT",
      "dependencies": {
        "@ecies/ciphers": "^0.2.6",
        "@noble/ciphers": "^1.3.0",
        "@noble/curves": "^1.9.7",
        "@noble/hashes": "^1.8.0"
      },
      "engines": {
        "bun": ">=1",
        "deno": ">=2.7.10",
        "node": ">=16"
      }
    },
    "node_modules/jose": {
      "version": "6.2.12",
      "resolved": "https://registry.npmjs.org/jose/-/jose-6.2.12.tgz",
      "integrity": "sha512-9NiFmJEex0sy2Dk58j2UGBSHgUs2ypF9eZSu4L6vjOX3Dp96Sw1F3uL+H+D1sx02jZZdzUT0HgvCy59CuvXcWw==",
      "dev": true,
      "license": "MIT",
      "funding": {
        "url": "https://github.com/sponsors/panva"
      }
    },
    "node_modules/supabase": {
      "version": "2.119.0",
      "resolved": "https://registry.npmjs.org/supabase/-/supabase-2.119.0.tgz",
      "integrity": "sha512-0VYIdQBjAJj6+xlNso2JDI//KibEYM8USvimHJauPpuFZdOsj+dutM84ofLtAHlF2UFGzriT1C4qH2hHj9EJxw==",
      "dev": true,
      "license": "MIT",
      "dependencies": {
        "eciesjs": "^0.5.0",
        "jose": "^6.2.10"
      },
      "bin": {
        "supabase": "dist/supabase.js"
      },
      "optionalDependencies": {
        "@supabase/cli-darwin-arm64": "2.119.0",
        "@supabase/cli-darwin-x64": "2.119.0",
        "@supabase/cli-linux-arm64": "2.119.0",
        "@supabase/cli-linux-arm64-musl": "2.119.0",
        "@supabase/cli-linux-x64": "2.119.0",
        "@supabase/cli-linux-x64-musl": "2.119.0",
        "@supabase/cli-windows-arm64": "2.119.0",
        "@supabase/cli-windows-x64": "2.119.0"
      }
    }
  }
}
